
Microsoft Visual Studio Solution File, Format Version 12.00
# Visual Studio Version 17
VisualStudioVersion = 17.2.32519.379
MinimumVisualStudioVersion = 10.0.40219.1
Project("{8BC9CEB8-8B4A-11D0-8D11-00A0C91BC942}") = "HomeTask_12", "HomeTask_12\HomeTask_12.vcxproj", "{6684EC28-F299-4BE7-9589-EF134131BDAE}"
EndProject
Global
	GlobalSection(SolutionConfigurationPlatforms) = preSolution
		Debug|x64 = Debug|x64
		Debug|x86 = Debug|x86
		Release|x64 = Release|x64
		Release|x86 = Release|x86
	EndGlobalSection
	GlobalSection(ProjectConfigurationPlatforms) = postSolution
		{6684EC28-F299-4BE7-9589-EF134131BDAE}.Debug|x64.ActiveCfg = Debug|x64
		{6684EC28-F299-4BE7-9589-EF134131BDAE}.Debug|x64.Build.0 = Debug|x64
		{6684EC28-F299-4BE7-9589-EF134131BDAE}.Debug|x86.ActiveCfg = Debug|Win32
		{6684EC28-F299-4BE7-9589-EF134131BDAE}.Debug|x86.Build.0 = Debug|Win32
		{6684EC28-F299-4BE7-9589-EF134131BDAE}.Release|x64.ActiveCfg = Release|x64
		{6684EC28-F299-4BE7-9589-EF134131BDAE}.Release|x64.Build.0 = Release|x64
		{6684EC28-F299-4BE7-9589-EF134131BDAE}.Release|x86.ActiveCfg = Release|Win32
		{6684EC28-F299-4BE7-9589-EF134131BDAE}.Release|x86.Build.0 = Release|Win32
	EndGlobalSection
	GlobalSection(SolutionProperties) = preSolution
		HideSolutionNode = FALSE
	EndGlobalSection
	GlobalSection(ExtensibilityGlobals) = postSolution
		SolutionGuid = {AE912A96-B431-4DAE-8D48-1DBA29857CB4}
	EndGlobalSection
EndGlobal
